// !$*UTF8*$!
{
	archiveVersion = 1;
	classes = {
	};
	objectVersion = 46;
	objects = {

/* Begin PBXBuildFile section */
		B48436E41961054F00CA4FEB /* AppDelegate.swift in Sources */ = {isa = PBXBuildFile; fileRef = B48436E31961054F00CA4FEB /* AppDelegate.swift */; };
		B48436E61961054F00CA4FEB /* Images.xcassets in Resources */ = {isa = PBXBuildFile; fileRef = B48436E51961054F00CA4FEB /* Images.xcassets */; };
		B48436F21961054F00CA4FEB /* AccessWebAPITests.swift in Sources */ = {isa = PBXBuildFile; fileRef = B48436F11961054F00CA4FEB /* AccessWebAPITests.swift */; };
		B48436FE1961057800CA4FEB /* ViewController.swift in Sources */ = {isa = PBXBuildFile; fileRef = B48436FD1961057800CA4FEB /* ViewController.swift */; };
		B48437001961058100CA4FEB /* View.swift in Sources */ = {isa = PBXBuildFile; fileRef = B48436FF1961058100CA4FEB /* View.swift */; };
		B484370219612CD400CA4FEB /* Entry.swift in Sources */ = {isa = PBXBuildFile; fileRef = B484370119612CD400CA4FEB /* Entry.swift */; };
/* End PBXBuildFile section */

/* Begin PBXContainerItemProxy section */
		B48436EC1961054F00CA4FEB /* PBXContainerItemProxy */ = {
			isa = PBXContainerItemProxy;
			containerPortal = B48436D61961054F00CA4FEB /* Project object */;
			proxyType = 1;
			remoteGlobalIDString = B48436DD1961054F00CA4FEB;
			remoteInfo = AccessWebAPI;
		};
/* End PBXContainerItemProxy section */

/* Begin PBXFileReference section */
		B48436DE1961054F00CA4FEB /* AccessWebAPI.app */ = {isa = PBXFileReference; explicitFileType = wrapper.application; includeInIndex = 0; path = AccessWebAPI.app; sourceTree = BUILT_PRODUCTS_DIR; };
		B48436E21961054F00CA4FEB /* Info.plist */ = {isa = PBXFileReference; lastKnownFileType = text.plist.xml; path = Info.plist; sourceTree = "<group>"; };
		B48436E31961054F00CA4FEB /* AppDelegate.swift */ = {isa = PBXFileReference; lastKnownFileType = sourcecode.swift; path = AppDelegate.swift; sourceTree = "<group>"; };
		B48436E51961054F00CA4FEB /* Images.xcassets */ = {isa = PBXFileReference; lastKnownFileType = folder.assetcatalog; path = Images.xcassets; sourceTree = "<group>"; };
		B48436EB1961054F00CA4FEB /* AccessWebAPITests.xctest */ = {isa = PBXFileReference; explicitFileType = wrapper.cfbundle; includeInIndex = 0; path = AccessWebAPITests.xctest; sourceTree = BUILT_PRODUCTS_DIR; };
		B48436F01961054F00CA4FEB /* Info.plist */ = {isa = PBXFileReference; lastKnownFileType = text.plist.xml; path = Info.plist; sourceTree = "<group>"; };
		B48436F11961054F00CA4FEB /* AccessWebAPITests.swift */ = {isa = PBXFileReference; lastKnownFileType = sourcecode.swift; path = AccessWebAPITests.swift; sourceTree = "<group>"; };
		B48436FD1961057800CA4FEB /* ViewController.swift */ = {isa = PBXFileReference; fileEncoding = 4; lastKnownFileType = sourcecode.swift; path = ViewController.swift; sourceTree = "<group>"; };
		B48436FF1961058100CA4FEB /* View.swift */ = {isa = PBXFileReference; fileEncoding = 4; lastKnownFileType = sourcecode.swift; path = View.swift; sourceTree = "<group>"; };
		B484370119612CD400CA4FEB /* Entry.swift */ = {isa = PBXFileReference; fileEncoding = 4; lastKnownFileType = sourcecode.swift; path = Entry.swift; sourceTree = "<group>"; };
/* End PBXFileReference section */

/* Begin PBXFrameworksBuildPhase section */
		B48436DB1961054F00CA4FEB /* Frameworks */ = {
			isa = PBXFrameworksBuildPhase;
			buildActionMask = 2147483647;
			files = (
			);
			runOnlyForDeploymentPostprocessing = 0;
		};
		B48436E81961054F00CA4FEB /* Frameworks */ = {
			isa = PBXFrameworksBuildPhase;
			buildActionMask = 2147483647;
			files = (
			);
			runOnlyForDeploymentPostprocessing = 0;
		};
/* End PBXFrameworksBuildPhase section */

/* Begin PBXGroup section */
		B48436D51961054F00CA4FEB = {
			isa = PBXGroup;
			children = (
				B48436E01961054F00CA4FEB /* AccessWebAPI */,
				B48436EE1961054F00CA4FEB /* AccessWebAPITests */,
				B48436DF1961054F00CA4FEB /* Products */,
			);
			sourceTree = "<group>";
		};
		B48436DF1961054F00CA4FEB /* Products */ = {
			isa = PBXGroup;
			children = (
				B48436DE1961054F00CA4FEB /* AccessWebAPI.app */,
				B48436EB1961054F00CA4FEB /* AccessWebAPITests.xctest */,
			);
			name = Products;
			sourceTree = "<group>";
		};
		B48436E01961054F00CA4FEB /* AccessWebAPI */ = {
			isa = PBXGroup;
			children = (
				B48436E31961054F00CA4FEB /* AppDelegate.swift */,
				B48436E51961054F00CA4FEB /* Images.xcassets */,
				B48436E11961054F00CA4FEB /* Supporting Files */,
				B48436FD1961057800CA4FEB /* ViewController.swift */,
				B48436FF1961058100CA4FEB /* View.swift */,
				B484370119612CD400CA4FEB /* Entry.swift */,
			);
			path = AccessWebAPI;
			sourceTree = "<group>";
		};
		B48436E11961054F00CA4FEB /* Supporting Files */ = {
			isa = PBXGroup;
			children = (
				B48436E21961054F00CA4FEB /* Info.plist */,
			);
			name = "Supporting Files";
			sourceTree = "<group>";
		};
		B48436EE1961054F00CA4FEB /* AccessWebAPITests */ = {
			isa = PBXGroup;
			children = (
				B48436F11961054F00CA4FEB /* AccessWebAPITests.swift */,
				B48436EF1961054F00CA4FEB /* Supporting Files */,
			);
			path = AccessWebAPITests;
			sourceTree = "<group>";
		};
		B48436EF1961054F00CA4FEB /* Supporting Files */ = {
			isa = PBXGroup;
			children = (
				B48436F01961054F00CA4FEB /* Info.plist */,
			);
			name = "Supporting Files";
			sourceTree = "<group>";
		};
/* End PBXGroup section */

/* Begin PBXNativeTarget section */
		B48436DD1961054F00CA4FEB /* AccessWebAPI */ = {
			isa = PBXNativeTarget;
			buildConfigurationList = B48436F51961054F00CA4FEB /* Build configuration list for PBXNativeTarget "AccessWebAPI" */;
			buildPhases = (
				B48436DA1961054F00CA4FEB /* Sources */,
				B48436DB1961054F00CA4FEB /* Frameworks */,
				B48436DC1961054F00CA4FEB /* Resources */,
			);
			buildRules = (
			);
			dependencies = (
			);
			name = AccessWebAPI;
			productName = AccessWebAPI;
			productReference = B48436DE1961054F00CA4FEB /* AccessWebAPI.app */;
			productType = "com.apple.product-type.application";
		};
		B48436EA1961054F00CA4FEB /* AccessWebAPITests */ = {
			isa = PBXNativeTarget;
			buildConfigurationList = B48436F81961054F00CA4FEB /* Build configuration list for PBXNativeTarget "AccessWebAPITests" */;
			buildPhases = (
				B48436E71961054F00CA4FEB /* Sources */,
				B48436E81961054F00CA4FEB /* Frameworks */,
				B48436E91961054F00CA4FEB /* Resources */,
			);
			buildRules = (
			);
			dependencies = (
				B48436ED1961054F00CA4FEB /* PBXTargetDependency */,
			);
			name = AccessWebAPITests;
			productName = AccessWebAPITests;
			productReference = B48436EB1961054F00CA4FEB /* AccessWebAPITests.xctest */;
			productType = "com.apple.product-type.bundle.unit-test";
		};
/* End PBXNativeTarget section */

/* Begin PBXProject section */
		B48436D61961054F00CA4FEB /* Project object */ = {
			isa = PBXProject;
			attributes = {
				LastUpgradeCheck = 0600;
				ORGANIZATIONNAME = Self;
				TargetAttributes = {
					B48436DD1961054F00CA4FEB = {
						CreatedOnToolsVersion = 6.0;
					};
					B48436EA1961054F00CA4FEB = {
						CreatedOnToolsVersion = 6.0;
						TestTargetID = B48436DD1961054F00CA4FEB;
					};
				};
			};
			buildConfigurationList = B48436D91961054F00CA4FEB /* Build configuration list for PBXProject "AccessWebAPI" */;
			compatibilityVersion = "Xcode 3.2";
			developmentRegion = English;
			hasScannedForEncodings = 0;
			knownRegions = (
				en,
			);
			mainGroup = B48436D51961054F00CA4FEB;
			productRefGroup = B48436DF1961054F00CA4FEB /* Products */;
			projectDirPath = "";
			projectRoot = "";
			targets = (
				B48436DD1961054F00CA4FEB /* AccessWebAPI */,
				B48436EA1961054F00CA4FEB /* AccessWebAPITests */,
			);
		};
/* End PBXProject section */

/* Begin PBXResourcesBuildPhase section */
		B48436DC1961054F00CA4FEB /* Resources */ = {
			isa = PBXResourcesBuildPhase;
			buildActionMask = 2147483647;
			files = (
				B48436E61961054F00CA4FEB /* Images.xcassets in Resources */,
			);
			runOnlyForDeploymentPostprocessing = 0;
		};
		B48436E91961054F00CA4FEB /* Resources */ = {
			isa = PBXResourcesBuildPhase;
			buildActionMask = 2147483647;
			files = (
			);
			runOnlyForDeploymentPostprocessing = 0;
		};
/* End PBXResourcesBuildPhase section */

/* Begin PBXSourcesBuildPhase section */
		B48436DA1961054F00CA4FEB /* Sources */ = {
			isa = PBXSourcesBuildPhase;
			buildActionMask = 2147483647;
			files = (
				B484370219612CD400CA4FEB /* Entry.swift in Sources */,
				B48437001961058100CA4FEB /* View.swift in Sources */,
				B48436FE1961057800CA4FEB /* ViewController.swift in Sources */,
				B48436E41961054F00CA4FEB /* AppDelegate.swift in Sources */,
			);
			runOnlyForDeploymentPostprocessing = 0;
		};
		B48436E71961054F00CA4FEB /* Sources */ = {
			isa = PBXSourcesBuildPhase;
			buildActionMask = 2147483647;
			files = (
				B48436F21961054F00CA4FEB /* AccessWebAPITests.swift in Sources */,
			);
			runOnlyForDeploymentPostprocessing = 0;
		};
/* End PBXSourcesBuildPhase section */

/* Begin PBXTargetDependency section */
		B48436ED1961054F00CA4FEB /* PBXTargetDependency */ = {
			isa = PBXTargetDependency;
			target = B48436DD1961054F00CA4FEB /* AccessWebAPI */;
			targetProxy = B48436EC1961054F00CA4FEB /* PBXContainerItemProxy */;
		};
/* End PBXTargetDependency section */

/* Begin XCBuildConfiguration section */
		B48436F31961054F00CA4FEB /* Debug */ = {
			isa = XCBuildConfiguration;
			buildSettings = {
				ALWAYS_SEARCH_USER_PATHS = NO;
				CLANG_CXX_LANGUAGE_STANDARD = "gnu++0x";
				CLANG_CXX_LIBRARY = "libc++";
				CLANG_ENABLE_MODULES = YES;
				CLANG_ENABLE_OBJC_ARC = YES;
				CLANG_WARN_BOOL_CONVERSION = YES;
				CLANG_WARN_CONSTANT_CONVERSION = YES;
				CLANG_WARN_DIRECT_OBJC_ISA_USAGE = YES_ERROR;
				CLANG_WARN_EMPTY_BODY = YES;
				CLANG_WARN_ENUM_CONVERSION = YES;
				CLANG_WARN_INT_CONVERSION = YES;
				CLANG_WARN_OBJC_ROOT_CLASS = YES_ERROR;
				CLANG_WARN_UNREACHABLE_CODE = YES;
				CLANG_WARN__DUPLICATE_METHOD_MATCH = YES;
				"CODE_SIGN_IDENTITY[sdk=iphoneos*]" = "iPhone Developer";
				COPY_PHASE_STRIP = NO;
				ENABLE_STRICT_OBJC_MSGSEND = YES;
				GCC_C_LANGUAGE_STANDARD = gnu99;
				GCC_DYNAMIC_NO_PIC = NO;
				GCC_OPTIMIZATION_LEVEL = 0;
				GCC_PREPROCESSOR_DEFINITIONS = (
					"DEBUG=1",
					"$(inherited)",
				);
				GCC_SYMBOLS_PRIVATE_EXTERN = NO;
				GCC_WARN_64_TO_32_BIT_CONVERSION = YES;
				GCC_WARN_ABOUT_RETURN_TYPE = YES_ERROR;
				GCC_WARN_UNDECLARED_SELECTOR = YES;
				GCC_WARN_UNINITIALIZED_AUTOS = YES_AGGRESSIVE;
				GCC_WARN_UNUSED_FUNCTION = YES;
				GCC_WARN_UNUSED_VARIABLE = YES;
				IPHONEOS_DEPLOYMENT_TARGET = 8.0;
				METAL_ENABLE_DEBUG_INFO = YES;
				ONLY_ACTIVE_ARCH = YES;
				SDKROOT = iphoneos;
				SWIFT_OPTIMIZATION_LEVEL = "-Onone";
			};
			name = Debug;
		};
		B48436F41961054F00CA4FEB /* Release */ = {
			isa = XCBuildConfiguration;
			buildSettings = {
				ALWAYS_SEARCH_USER_PATHS = NO;
				CLANG_CXX_LANGUAGE_STANDARD = "gnu++0x";
				CLANG_CXX_LIBRARY = "libc++";
				CLANG_ENABLE_MODULES = YES;
				CLANG_ENABLE_OBJC_ARC = YES;
				CLANG_WARN_BOOL_CONVERSION = YES;
				CLANG_WARN_CONSTANT_CONVERSION = YES;
				CLANG_WARN_DIRECT_OBJC_ISA_USAGE = YES_ERROR;
				CLANG_WARN_EMPTY_BODY = YES;
				CLANG_WARN_ENUM_CONVERSION = YES;
				CLANG_WARN_INT_CONVERSION = YES;
				CLANG_WARN_OBJC_ROOT_CLASS = YES_ERROR;
				CLANG_WARN_UNREACHABLE_CODE = YES;
				CLANG_WARN__DUPLICATE_METHOD_MATCH = YES;
				"CODE_SIGN_IDENTITY[sdk=iphoneos*]" = "iPhone Developer";
				COPY_PHASE_STRIP = YES;
				ENABLE_NS_ASSERTIONS = NO;
				ENABLE_STRICT_OBJC_MSGSEND = YES;
				GCC_C_LANGUAGE_STANDARD = gnu99;
				GCC_WARN_64_TO_32_BIT_CONVERSION = YES;
				GCC_WARN_ABOUT_RETURN_TYPE = YES_ERROR;
				GCC_WARN_UNDECLARED_SELECTOR = YES;
				GCC_WARN_UNINITIALIZED_AUTOS = YES_AGGRESSIVE;
				GCC_WARN_UNUSED_FUNCTION = YES;
				GCC_WARN_UNUSED_VARIABLE = YES;
				IPHONEOS_DEPLOYMENT_TARGET = 8.0;
				METAL_ENABLE_DEBUG_INFO = NO;
				SDKROOT = iphoneos;
				VALIDATE_PRODUCT = YES;
			};
			name = Release;
		};
		B48436F61961054F00CA4FEB /* Debug */ = {
			isa = XCBuildConfiguration;
			buildSettings = {
				ASSETCATALOG_COMPILER_APPICON_NAME = AppIcon;
				ASSETCATALOG_COMPILER_LAUNCHIMAGE_NAME = LaunchImage;
				INFOPLIST_FILE = AccessWebAPI/Info.plist;
				LD_RUNPATH_SEARCH_PATHS = "$(inherited) @executable_path/Frameworks";
				PRODUCT_NAME = "$(TARGET_NAME)";
			};
			name = Debug;
		};
		B48436F71961054F00CA4FEB /* Release */ = {
			isa = XCBuildConfiguration;
			buildSettings = {
				ASSETCATALOG_COMPILER_APPICON_NAME = AppIcon;
				ASSETCATALOG_COMPILER_LAUNCHIMAGE_NAME = LaunchImage;
				INFOPLIST_FILE = AccessWebAPI/Info.plist;
				LD_RUNPATH_SEARCH_PATHS = "$(inherited) @executable_path/Frameworks";
				PRODUCT_NAME = "$(TARGET_NAME)";
			};
			name = Release;
		};
		B48436F91961054F00CA4FEB /* Debug */ = {
			isa = XCBuildConfiguration;
			buildSettings = {
				BUNDLE_LOADER = "$(BUILT_PRODUCTS_DIR)/AccessWebAPI.app/AccessWebAPI";
				FRAMEWORK_SEARCH_PATHS = (
					"$(SDKROOT)/Developer/Library/Frameworks",
					"$(inherited)",
				);
				GCC_PREPROCESSOR_DEFINITIONS = (
					"DEBUG=1",
					"$(inherited)",
				);
				INFOPLIST_FILE = AccessWebAPITests/Info.plist;
				LD_RUNPATH_SEARCH_PATHS = "$(inherited) @executable_path/Frameworks @loader_path/Frameworks";
				METAL_ENABLE_DEBUG_INFO = YES;
				PRODUCT_NAME = "$(TARGET_NAME)";
				TEST_HOST = "$(BUNDLE_LOADER)";
			};
			name = Debug;
		};
		B48436FA1961054F00CA4FEB /* Release */ = {
			isa = XCBuildConfiguration;
			buildSettings = {
				BUNDLE_LOADER = "$(BUILT_PRODUCTS_DIR)/AccessWebAPI.app/AccessWebAPI";
				FRAMEWORK_SEARCH_PATHS = (
					"$(SDKROOT)/Developer/Library/Frameworks",
					"$(inherited)",
				);
				INFOPLIST_FILE = AccessWebAPITests/Info.plist;
				LD_RUNPATH_SEARCH_PATHS = "$(inherited) @executable_path/Frameworks @loader_path/Frameworks";
				METAL_ENABLE_DEBUG_INFO = NO;
				PRODUCT_NAME = "$(TARGET_NAME)";
				TEST_HOST = "$(BUNDLE_LOADER)";
			};
			name = Release;
		};
/* End XCBuildConfiguration section */

/* Begin XCConfigurationList section */
		B48436D91961054F00CA4FEB /* Build configuration list for PBXProject "AccessWebAPI" */ = {
			isa = XCConfigurationList;
			buildConfigurations = (
				B48436F31961054F00CA4FEB /* Debug */,
				B48436F41961054F00CA4FEB /* Release */,
			);
			defaultConfigurationIsVisible = 0;
			defaultConfigurationName = Release;
		};
		B48436F51961054F00CA4FEB /* Build configuration list for PBXNativeTarget "AccessWebAPI" */ = {
			isa = XCConfigurationList;
			buildConfigurations = (
				B48436F61961054F00CA4FEB /* Debug */,
				B48436F71961054F00CA4FEB /* Release */,
			);
			defaultConfigurationIsVisible = 0;
		};
		B48436F81961054F00CA4FEB /* Build configuration list for PBXNativeTarget "AccessWebAPITests" */ = {
			isa = XCConfigurationList;
			buildConfigurations = (
				B48436F91961054F00CA4FEB /* Debug */,
				B48436FA1961054F00CA4FEB /* Release */,
			);
			defaultConfigurationIsVisible = 0;
		};
/* End XCConfigurationList section */
	};
	rootObject = B48436D61961054F00CA4FEB /* Project object */;
}
