// !$*UTF8*$!
{
	archiveVersion = 1;
	classes = {
	};
	objectVersion = 46;
	objects = {

/* Begin PBXBuildFile section */
		B445515819667BBF004A294A /* Entry.m in Sources */ = {isa = PBXBuildFile; fileRef = B445515719667BBF004A294A /* Entry.m */; };
		B4A04609196649E200379EA9 /* main.m in Sources */ = {isa = PBXBuildFile; fileRef = B4A04608196649E200379EA9 /* main.m */; };
		B4A0460C196649E200379EA9 /* AppDelegate.m in Sources */ = {isa = PBXBuildFile; fileRef = B4A0460B196649E200379EA9 /* AppDelegate.m */; };
		B4A0460E196649E200379EA9 /* Images.xcassets in Resources */ = {isa = PBXBuildFile; fileRef = B4A0460D196649E200379EA9 /* Images.xcassets */; };
		B4A0461A196649E200379EA9 /* Obj_C_SimplePageChangeTests.m in Sources */ = {isa = PBXBuildFile; fileRef = B4A04619196649E200379EA9 /* Obj_C_SimplePageChangeTests.m */; };
		B4A0462919664A5500379EA9 /* MainVC.m in Sources */ = {isa = PBXBuildFile; fileRef = B4A0462819664A5500379EA9 /* MainVC.m */; };
		B4A0462B19664A5C00379EA9 /* LaunchVC.m in Sources */ = {isa = PBXBuildFile; fileRef = B4A0462A19664A5C00379EA9 /* LaunchVC.m */; };
		B4A0462D19664A6F00379EA9 /* LaunchView.m in Sources */ = {isa = PBXBuildFile; fileRef = B4A0462C19664A6F00379EA9 /* LaunchView.m */; };
		B4A0462F19664A8300379EA9 /* SecondVC.m in Sources */ = {isa = PBXBuildFile; fileRef = B4A0462E19664A8300379EA9 /* SecondVC.m */; };
		B4A0463119664A8A00379EA9 /* SecondView.m in Sources */ = {isa = PBXBuildFile; fileRef = B4A0463019664A8A00379EA9 /* SecondView.m */; };
/* End PBXBuildFile section */

/* Begin PBXContainerItemProxy section */
		B4A04614196649E200379EA9 /* PBXContainerItemProxy */ = {
			isa = PBXContainerItemProxy;
			containerPortal = B4A045FB196649E200379EA9 /* Project object */;
			proxyType = 1;
			remoteGlobalIDString = B4A04602196649E200379EA9;
			remoteInfo = "Obj-C-SimplePageChange";
		};
/* End PBXContainerItemProxy section */

/* Begin PBXFileReference section */
		B445515719667BBF004A294A /* Entry.m */ = {isa = PBXFileReference; fileEncoding = 4; lastKnownFileType = sourcecode.c.objc; path = Entry.m; sourceTree = "<group>"; };
		B445515919667BC9004A294A /* Entry.h */ = {isa = PBXFileReference; lastKnownFileType = sourcecode.c.h; path = Entry.h; sourceTree = "<group>"; };
		B4A04603196649E200379EA9 /* Obj-C-SimplePageChange.app */ = {isa = PBXFileReference; explicitFileType = wrapper.application; includeInIndex = 0; path = "Obj-C-SimplePageChange.app"; sourceTree = BUILT_PRODUCTS_DIR; };
		B4A04607196649E200379EA9 /* Info.plist */ = {isa = PBXFileReference; lastKnownFileType = text.plist.xml; path = Info.plist; sourceTree = "<group>"; };
		B4A04608196649E200379EA9 /* main.m */ = {isa = PBXFileReference; lastKnownFileType = sourcecode.c.objc; path = main.m; sourceTree = "<group>"; };
		B4A0460A196649E200379EA9 /* AppDelegate.h */ = {isa = PBXFileReference; lastKnownFileType = sourcecode.c.h; path = AppDelegate.h; sourceTree = "<group>"; };
		B4A0460B196649E200379EA9 /* AppDelegate.m */ = {isa = PBXFileReference; lastKnownFileType = sourcecode.c.objc; path = AppDelegate.m; sourceTree = "<group>"; };
		B4A0460D196649E200379EA9 /* Images.xcassets */ = {isa = PBXFileReference; lastKnownFileType = folder.assetcatalog; path = Images.xcassets; sourceTree = "<group>"; };
		B4A04613196649E200379EA9 /* Obj-C-SimplePageChangeTests.xctest */ = {isa = PBXFileReference; explicitFileType = wrapper.cfbundle; includeInIndex = 0; path = "Obj-C-SimplePageChangeTests.xctest"; sourceTree = BUILT_PRODUCTS_DIR; };
		B4A04618196649E200379EA9 /* Info.plist */ = {isa = PBXFileReference; lastKnownFileType = text.plist.xml; path = Info.plist; sourceTree = "<group>"; };
		B4A04619196649E200379EA9 /* Obj_C_SimplePageChangeTests.m */ = {isa = PBXFileReference; lastKnownFileType = sourcecode.c.objc; path = Obj_C_SimplePageChangeTests.m; sourceTree = "<group>"; };
		B4A0462319664A0E00379EA9 /* MainVC.h */ = {isa = PBXFileReference; lastKnownFileType = sourcecode.c.h; path = MainVC.h; sourceTree = "<group>"; };
		B4A0462419664A1E00379EA9 /* LaunchVC.h */ = {isa = PBXFileReference; lastKnownFileType = sourcecode.c.h; path = LaunchVC.h; sourceTree = "<group>"; };
		B4A0462519664A2700379EA9 /* LaunchView.h */ = {isa = PBXFileReference; lastKnownFileType = sourcecode.c.h; path = LaunchView.h; sourceTree = "<group>"; };
		B4A0462619664A3C00379EA9 /* SecondVC.h */ = {isa = PBXFileReference; lastKnownFileType = sourcecode.c.h; path = SecondVC.h; sourceTree = "<group>"; };
		B4A0462719664A4C00379EA9 /* SecondView.h */ = {isa = PBXFileReference; lastKnownFileType = sourcecode.c.h; path = SecondView.h; sourceTree = "<group>"; };
		B4A0462819664A5500379EA9 /* MainVC.m */ = {isa = PBXFileReference; fileEncoding = 4; lastKnownFileType = sourcecode.c.objc; path = MainVC.m; sourceTree = "<group>"; };
		B4A0462A19664A5C00379EA9 /* LaunchVC.m */ = {isa = PBXFileReference; fileEncoding = 4; lastKnownFileType = sourcecode.c.objc; path = LaunchVC.m; sourceTree = "<group>"; };
		B4A0462C19664A6F00379EA9 /* LaunchView.m */ = {isa = PBXFileReference; fileEncoding = 4; lastKnownFileType = sourcecode.c.objc; path = LaunchView.m; sourceTree = "<group>"; };
		B4A0462E19664A8300379EA9 /* SecondVC.m */ = {isa = PBXFileReference; fileEncoding = 4; lastKnownFileType = sourcecode.c.objc; path = SecondVC.m; sourceTree = "<group>"; };
		B4A0463019664A8A00379EA9 /* SecondView.m */ = {isa = PBXFileReference; fileEncoding = 4; lastKnownFileType = sourcecode.c.objc; path = SecondView.m; sourceTree = "<group>"; };
/* End PBXFileReference section */

/* Begin PBXFrameworksBuildPhase section */
		B4A04600196649E200379EA9 /* Frameworks */ = {
			isa = PBXFrameworksBuildPhase;
			buildActionMask = 2147483647;
			files = (
			);
			runOnlyForDeploymentPostprocessing = 0;
		};
		B4A04610196649E200379EA9 /* Frameworks */ = {
			isa = PBXFrameworksBuildPhase;
			buildActionMask = 2147483647;
			files = (
			);
			runOnlyForDeploymentPostprocessing = 0;
		};
/* End PBXFrameworksBuildPhase section */

/* Begin PBXGroup section */
		B4A045FA196649E200379EA9 = {
			isa = PBXGroup;
			children = (
				B4A04605196649E200379EA9 /* Obj-C-SimplePageChange */,
				B4A04616196649E200379EA9 /* Obj-C-SimplePageChangeTests */,
				B4A04604196649E200379EA9 /* Products */,
			);
			sourceTree = "<group>";
		};
		B4A04604196649E200379EA9 /* Products */ = {
			isa = PBXGroup;
			children = (
				B4A04603196649E200379EA9 /* Obj-C-SimplePageChange.app */,
				B4A04613196649E200379EA9 /* Obj-C-SimplePageChangeTests.xctest */,
			);
			name = Products;
			sourceTree = "<group>";
		};
		B4A04605196649E200379EA9 /* Obj-C-SimplePageChange */ = {
			isa = PBXGroup;
			children = (
				B4A0460A196649E200379EA9 /* AppDelegate.h */,
				B4A0460B196649E200379EA9 /* AppDelegate.m */,
				B4A0460D196649E200379EA9 /* Images.xcassets */,
				B4A04606196649E200379EA9 /* Supporting Files */,
				B4A0462319664A0E00379EA9 /* MainVC.h */,
				B4A0462819664A5500379EA9 /* MainVC.m */,
				B4A0462419664A1E00379EA9 /* LaunchVC.h */,
				B4A0462A19664A5C00379EA9 /* LaunchVC.m */,
				B4A0462519664A2700379EA9 /* LaunchView.h */,
				B4A0462C19664A6F00379EA9 /* LaunchView.m */,
				B4A0462619664A3C00379EA9 /* SecondVC.h */,
				B4A0462E19664A8300379EA9 /* SecondVC.m */,
				B445515919667BC9004A294A /* Entry.h */,
				B445515719667BBF004A294A /* Entry.m */,
				B4A0462719664A4C00379EA9 /* SecondView.h */,
				B4A0463019664A8A00379EA9 /* SecondView.m */,
			);
			path = "Obj-C-SimplePageChange";
			sourceTree = "<group>";
		};
		B4A04606196649E200379EA9 /* Supporting Files */ = {
			isa = PBXGroup;
			children = (
				B4A04607196649E200379EA9 /* Info.plist */,
				B4A04608196649E200379EA9 /* main.m */,
			);
			name = "Supporting Files";
			sourceTree = "<group>";
		};
		B4A04616196649E200379EA9 /* Obj-C-SimplePageChangeTests */ = {
			isa = PBXGroup;
			children = (
				B4A04619196649E200379EA9 /* Obj_C_SimplePageChangeTests.m */,
				B4A04617196649E200379EA9 /* Supporting Files */,
			);
			path = "Obj-C-SimplePageChangeTests";
			sourceTree = "<group>";
		};
		B4A04617196649E200379EA9 /* Supporting Files */ = {
			isa = PBXGroup;
			children = (
				B4A04618196649E200379EA9 /* Info.plist */,
			);
			name = "Supporting Files";
			sourceTree = "<group>";
		};
/* End PBXGroup section */

/* Begin PBXNativeTarget section */
		B4A04602196649E200379EA9 /* Obj-C-SimplePageChange */ = {
			isa = PBXNativeTarget;
			buildConfigurationList = B4A0461D196649E200379EA9 /* Build configuration list for PBXNativeTarget "Obj-C-SimplePageChange" */;
			buildPhases = (
				B4A045FF196649E200379EA9 /* Sources */,
				B4A04600196649E200379EA9 /* Frameworks */,
				B4A04601196649E200379EA9 /* Resources */,
			);
			buildRules = (
			);
			dependencies = (
			);
			name = "Obj-C-SimplePageChange";
			productName = "Obj-C-SimplePageChange";
			productReference = B4A04603196649E200379EA9 /* Obj-C-SimplePageChange.app */;
			productType = "com.apple.product-type.application";
		};
		B4A04612196649E200379EA9 /* Obj-C-SimplePageChangeTests */ = {
			isa = PBXNativeTarget;
			buildConfigurationList = B4A04620196649E200379EA9 /* Build configuration list for PBXNativeTarget "Obj-C-SimplePageChangeTests" */;
			buildPhases = (
				B4A0460F196649E200379EA9 /* Sources */,
				B4A04610196649E200379EA9 /* Frameworks */,
				B4A04611196649E200379EA9 /* Resources */,
			);
			buildRules = (
			);
			dependencies = (
				B4A04615196649E200379EA9 /* PBXTargetDependency */,
			);
			name = "Obj-C-SimplePageChangeTests";
			productName = "Obj-C-SimplePageChangeTests";
			productReference = B4A04613196649E200379EA9 /* Obj-C-SimplePageChangeTests.xctest */;
			productType = "com.apple.product-type.bundle.unit-test";
		};
/* End PBXNativeTarget section */

/* Begin PBXProject section */
		B4A045FB196649E200379EA9 /* Project object */ = {
			isa = PBXProject;
			attributes = {
				LastUpgradeCheck = 0600;
				ORGANIZATIONNAME = Self;
				TargetAttributes = {
					B4A04602196649E200379EA9 = {
						CreatedOnToolsVersion = 6.0;
					};
					B4A04612196649E200379EA9 = {
						CreatedOnToolsVersion = 6.0;
						TestTargetID = B4A04602196649E200379EA9;
					};
				};
			};
			buildConfigurationList = B4A045FE196649E200379EA9 /* Build configuration list for PBXProject "Obj-C-SimplePageChange" */;
			compatibilityVersion = "Xcode 3.2";
			developmentRegion = English;
			hasScannedForEncodings = 0;
			knownRegions = (
				en,
			);
			mainGroup = B4A045FA196649E200379EA9;
			productRefGroup = B4A04604196649E200379EA9 /* Products */;
			projectDirPath = "";
			projectRoot = "";
			targets = (
				B4A04602196649E200379EA9 /* Obj-C-SimplePageChange */,
				B4A04612196649E200379EA9 /* Obj-C-SimplePageChangeTests */,
			);
		};
/* End PBXProject section */

/* Begin PBXResourcesBuildPhase section */
		B4A04601196649E200379EA9 /* Resources */ = {
			isa = PBXResourcesBuildPhase;
			buildActionMask = 2147483647;
			files = (
				B4A0460E196649E200379EA9 /* Images.xcassets in Resources */,
			);
			runOnlyForDeploymentPostprocessing = 0;
		};
		B4A04611196649E200379EA9 /* Resources */ = {
			isa = PBXResourcesBuildPhase;
			buildActionMask = 2147483647;
			files = (
			);
			runOnlyForDeploymentPostprocessing = 0;
		};
/* End PBXResourcesBuildPhase section */

/* Begin PBXSourcesBuildPhase section */
		B4A045FF196649E200379EA9 /* Sources */ = {
			isa = PBXSourcesBuildPhase;
			buildActionMask = 2147483647;
			files = (
				B4A0462919664A5500379EA9 /* MainVC.m in Sources */,
				B4A0462B19664A5C00379EA9 /* LaunchVC.m in Sources */,
				B4A0463119664A8A00379EA9 /* SecondView.m in Sources */,
				B4A0460C196649E200379EA9 /* AppDelegate.m in Sources */,
				B445515819667BBF004A294A /* Entry.m in Sources */,
				B4A04609196649E200379EA9 /* main.m in Sources */,
				B4A0462F19664A8300379EA9 /* SecondVC.m in Sources */,
				B4A0462D19664A6F00379EA9 /* LaunchView.m in Sources */,
			);
			runOnlyForDeploymentPostprocessing = 0;
		};
		B4A0460F196649E200379EA9 /* Sources */ = {
			isa = PBXSourcesBuildPhase;
			buildActionMask = 2147483647;
			files = (
				B4A0461A196649E200379EA9 /* Obj_C_SimplePageChangeTests.m in Sources */,
			);
			runOnlyForDeploymentPostprocessing = 0;
		};
/* End PBXSourcesBuildPhase section */

/* Begin PBXTargetDependency section */
		B4A04615196649E200379EA9 /* PBXTargetDependency */ = {
			isa = PBXTargetDependency;
			target = B4A04602196649E200379EA9 /* Obj-C-SimplePageChange */;
			targetProxy = B4A04614196649E200379EA9 /* PBXContainerItemProxy */;
		};
/* End PBXTargetDependency section */

/* Begin XCBuildConfiguration section */
		B4A0461B196649E200379EA9 /* Debug */ = {
			isa = XCBuildConfiguration;
			buildSettings = {
				ALWAYS_SEARCH_USER_PATHS = NO;
				CLANG_CXX_LANGUAGE_STANDARD = "gnu++0x";
				CLANG_CXX_LIBRARY = "libc++";
				CLANG_ENABLE_MODULES = YES;
				CLANG_ENABLE_OBJC_ARC = YES;
				CLANG_WARN_BOOL_CONVERSION = YES;
				CLANG_WARN_CONSTANT_CONVERSION = YES;
				CLANG_WARN_DIRECT_OBJC_ISA_USAGE = YES_ERROR;
				CLANG_WARN_EMPTY_BODY = YES;
				CLANG_WARN_ENUM_CONVERSION = YES;
				CLANG_WARN_INT_CONVERSION = YES;
				CLANG_WARN_OBJC_ROOT_CLASS = YES_ERROR;
				CLANG_WARN_UNREACHABLE_CODE = YES;
				CLANG_WARN__DUPLICATE_METHOD_MATCH = YES;
				"CODE_SIGN_IDENTITY[sdk=iphoneos*]" = "iPhone Developer";
				COPY_PHASE_STRIP = NO;
				ENABLE_STRICT_OBJC_MSGSEND = YES;
				GCC_C_LANGUAGE_STANDARD = gnu99;
				GCC_DYNAMIC_NO_PIC = NO;
				GCC_OPTIMIZATION_LEVEL = 0;
				GCC_PREPROCESSOR_DEFINITIONS = (
					"DEBUG=1",
					"$(inherited)",
				);
				GCC_SYMBOLS_PRIVATE_EXTERN = NO;
				GCC_WARN_64_TO_32_BIT_CONVERSION = YES;
				GCC_WARN_ABOUT_RETURN_TYPE = YES_ERROR;
				GCC_WARN_UNDECLARED_SELECTOR = YES;
				GCC_WARN_UNINITIALIZED_AUTOS = YES_AGGRESSIVE;
				GCC_WARN_UNUSED_FUNCTION = YES;
				GCC_WARN_UNUSED_VARIABLE = YES;
				IPHONEOS_DEPLOYMENT_TARGET = 8.0;
				METAL_ENABLE_DEBUG_INFO = YES;
				ONLY_ACTIVE_ARCH = YES;
				SDKROOT = iphoneos;
			};
			name = Debug;
		};
		B4A0461C196649E200379EA9 /* Release */ = {
			isa = XCBuildConfiguration;
			buildSettings = {
				ALWAYS_SEARCH_USER_PATHS = NO;
				CLANG_CXX_LANGUAGE_STANDARD = "gnu++0x";
				CLANG_CXX_LIBRARY = "libc++";
				CLANG_ENABLE_MODULES = YES;
				CLANG_ENABLE_OBJC_ARC = YES;
				CLANG_WARN_BOOL_CONVERSION = YES;
				CLANG_WARN_CONSTANT_CONVERSION = YES;
				CLANG_WARN_DIRECT_OBJC_ISA_USAGE = YES_ERROR;
				CLANG_WARN_EMPTY_BODY = YES;
				CLANG_WARN_ENUM_CONVERSION = YES;
				CLANG_WARN_INT_CONVERSION = YES;
				CLANG_WARN_OBJC_ROOT_CLASS = YES_ERROR;
				CLANG_WARN_UNREACHABLE_CODE = YES;
				CLANG_WARN__DUPLICATE_METHOD_MATCH = YES;
				"CODE_SIGN_IDENTITY[sdk=iphoneos*]" = "iPhone Developer";
				COPY_PHASE_STRIP = YES;
				ENABLE_NS_ASSERTIONS = NO;
				ENABLE_STRICT_OBJC_MSGSEND = YES;
				GCC_C_LANGUAGE_STANDARD = gnu99;
				GCC_WARN_64_TO_32_BIT_CONVERSION = YES;
				GCC_WARN_ABOUT_RETURN_TYPE = YES_ERROR;
				GCC_WARN_UNDECLARED_SELECTOR = YES;
				GCC_WARN_UNINITIALIZED_AUTOS = YES_AGGRESSIVE;
				GCC_WARN_UNUSED_FUNCTION = YES;
				GCC_WARN_UNUSED_VARIABLE = YES;
				IPHONEOS_DEPLOYMENT_TARGET = 8.0;
				METAL_ENABLE_DEBUG_INFO = NO;
				SDKROOT = iphoneos;
				VALIDATE_PRODUCT = YES;
			};
			name = Release;
		};
		B4A0461E196649E200379EA9 /* Debug */ = {
			isa = XCBuildConfiguration;
			buildSettings = {
				ASSETCATALOG_COMPILER_APPICON_NAME = AppIcon;
				ASSETCATALOG_COMPILER_LAUNCHIMAGE_NAME = LaunchImage;
				INFOPLIST_FILE = "Obj-C-SimplePageChange/Info.plist";
				LD_RUNPATH_SEARCH_PATHS = "$(inherited) @executable_path/Frameworks";
				PRODUCT_NAME = "$(TARGET_NAME)";
			};
			name = Debug;
		};
		B4A0461F196649E200379EA9 /* Release */ = {
			isa = XCBuildConfiguration;
			buildSettings = {
				ASSETCATALOG_COMPILER_APPICON_NAME = AppIcon;
				ASSETCATALOG_COMPILER_LAUNCHIMAGE_NAME = LaunchImage;
				INFOPLIST_FILE = "Obj-C-SimplePageChange/Info.plist";
				LD_RUNPATH_SEARCH_PATHS = "$(inherited) @executable_path/Frameworks";
				PRODUCT_NAME = "$(TARGET_NAME)";
			};
			name = Release;
		};
		B4A04621196649E200379EA9 /* Debug */ = {
			isa = XCBuildConfiguration;
			buildSettings = {
				BUNDLE_LOADER = "$(BUILT_PRODUCTS_DIR)/Obj-C-SimplePageChange.app/Obj-C-SimplePageChange";
				FRAMEWORK_SEARCH_PATHS = (
					"$(SDKROOT)/Developer/Library/Frameworks",
					"$(inherited)",
				);
				GCC_PREPROCESSOR_DEFINITIONS = (
					"DEBUG=1",
					"$(inherited)",
				);
				INFOPLIST_FILE = "Obj-C-SimplePageChangeTests/Info.plist";
				LD_RUNPATH_SEARCH_PATHS = "$(inherited) @executable_path/Frameworks @loader_path/Frameworks";
				METAL_ENABLE_DEBUG_INFO = YES;
				PRODUCT_NAME = "$(TARGET_NAME)";
				TEST_HOST = "$(BUNDLE_LOADER)";
			};
			name = Debug;
		};
		B4A04622196649E200379EA9 /* Release */ = {
			isa = XCBuildConfiguration;
			buildSettings = {
				BUNDLE_LOADER = "$(BUILT_PRODUCTS_DIR)/Obj-C-SimplePageChange.app/Obj-C-SimplePageChange";
				FRAMEWORK_SEARCH_PATHS = (
					"$(SDKROOT)/Developer/Library/Frameworks",
					"$(inherited)",
				);
				INFOPLIST_FILE = "Obj-C-SimplePageChangeTests/Info.plist";
				LD_RUNPATH_SEARCH_PATHS = "$(inherited) @executable_path/Frameworks @loader_path/Frameworks";
				METAL_ENABLE_DEBUG_INFO = NO;
				PRODUCT_NAME = "$(TARGET_NAME)";
				TEST_HOST = "$(BUNDLE_LOADER)";
			};
			name = Release;
		};
/* End XCBuildConfiguration section */

/* Begin XCConfigurationList section */
		B4A045FE196649E200379EA9 /* Build configuration list for PBXProject "Obj-C-SimplePageChange" */ = {
			isa = XCConfigurationList;
			buildConfigurations = (
				B4A0461B196649E200379EA9 /* Debug */,
				B4A0461C196649E200379EA9 /* Release */,
			);
			defaultConfigurationIsVisible = 0;
			defaultConfigurationName = Release;
		};
		B4A0461D196649E200379EA9 /* Build configuration list for PBXNativeTarget "Obj-C-SimplePageChange" */ = {
			isa = XCConfigurationList;
			buildConfigurations = (
				B4A0461E196649E200379EA9 /* Debug */,
				B4A0461F196649E200379EA9 /* Release */,
			);
			defaultConfigurationIsVisible = 0;
			defaultConfigurationName = Release;
		};
		B4A04620196649E200379EA9 /* Build configuration list for PBXNativeTarget "Obj-C-SimplePageChangeTests" */ = {
			isa = XCConfigurationList;
			buildConfigurations = (
				B4A04621196649E200379EA9 /* Debug */,
				B4A04622196649E200379EA9 /* Release */,
			);
			defaultConfigurationIsVisible = 0;
			defaultConfigurationName = Release;
		};
/* End XCConfigurationList section */
	};
	rootObject = B4A045FB196649E200379EA9 /* Project object */;
}
