// !$*UTF8*$!
{
	archiveVersion = 1;
	classes = {
	};
	objectVersion = 46;
	objects = {

/* Begin PBXBuildFile section */
		B4131E711965373C0043C254 /* main.m in Sources */ = {isa = PBXBuildFile; fileRef = B4131E701965373C0043C254 /* main.m */; };
		B4131E741965373C0043C254 /* AppDelegate.m in Sources */ = {isa = PBXBuildFile; fileRef = B4131E731965373C0043C254 /* AppDelegate.m */; };
		B4131E761965373C0043C254 /* Images.xcassets in Resources */ = {isa = PBXBuildFile; fileRef = B4131E751965373C0043C254 /* Images.xcassets */; };
		B4131E821965373C0043C254 /* Obj_C_SampleTests.m in Sources */ = {isa = PBXBuildFile; fileRef = B4131E811965373C0043C254 /* Obj_C_SampleTests.m */; };
		B4131E8C196538040043C254 /* MainVC.m in Sources */ = {isa = PBXBuildFile; fileRef = B4131E8B196538040043C254 /* MainVC.m */; };
		B4A045F81966434700379EA9 /* MainView.m in Sources */ = {isa = PBXBuildFile; fileRef = B4A045F71966434700379EA9 /* MainView.m */; };
/* End PBXBuildFile section */

/* Begin PBXContainerItemProxy section */
		B4131E7C1965373C0043C254 /* PBXContainerItemProxy */ = {
			isa = PBXContainerItemProxy;
			containerPortal = B4131E631965373C0043C254 /* Project object */;
			proxyType = 1;
			remoteGlobalIDString = B4131E6A1965373C0043C254;
			remoteInfo = "Obj-C-Sample";
		};
/* End PBXContainerItemProxy section */

/* Begin PBXFileReference section */
		B4131E6B1965373C0043C254 /* Obj-C-Sample.app */ = {isa = PBXFileReference; explicitFileType = wrapper.application; includeInIndex = 0; path = "Obj-C-Sample.app"; sourceTree = BUILT_PRODUCTS_DIR; };
		B4131E6F1965373C0043C254 /* Info.plist */ = {isa = PBXFileReference; lastKnownFileType = text.plist.xml; path = Info.plist; sourceTree = "<group>"; };
		B4131E701965373C0043C254 /* main.m */ = {isa = PBXFileReference; lastKnownFileType = sourcecode.c.objc; path = main.m; sourceTree = "<group>"; };
		B4131E721965373C0043C254 /* AppDelegate.h */ = {isa = PBXFileReference; lastKnownFileType = sourcecode.c.h; path = AppDelegate.h; sourceTree = "<group>"; };
		B4131E731965373C0043C254 /* AppDelegate.m */ = {isa = PBXFileReference; lastKnownFileType = sourcecode.c.objc; path = AppDelegate.m; sourceTree = "<group>"; };
		B4131E751965373C0043C254 /* Images.xcassets */ = {isa = PBXFileReference; lastKnownFileType = folder.assetcatalog; path = Images.xcassets; sourceTree = "<group>"; };
		B4131E7B1965373C0043C254 /* Obj-C-SampleTests.xctest */ = {isa = PBXFileReference; explicitFileType = wrapper.cfbundle; includeInIndex = 0; path = "Obj-C-SampleTests.xctest"; sourceTree = BUILT_PRODUCTS_DIR; };
		B4131E801965373C0043C254 /* Info.plist */ = {isa = PBXFileReference; lastKnownFileType = text.plist.xml; path = Info.plist; sourceTree = "<group>"; };
		B4131E811965373C0043C254 /* Obj_C_SampleTests.m */ = {isa = PBXFileReference; lastKnownFileType = sourcecode.c.objc; path = Obj_C_SampleTests.m; sourceTree = "<group>"; };
		B4131E8B196538040043C254 /* MainVC.m */ = {isa = PBXFileReference; fileEncoding = 4; lastKnownFileType = sourcecode.c.objc; path = MainVC.m; sourceTree = "<group>"; };
		B4131E8D196538100043C254 /* MainVC.h */ = {isa = PBXFileReference; lastKnownFileType = sourcecode.c.h; path = MainVC.h; sourceTree = "<group>"; };
		B4A045F71966434700379EA9 /* MainView.m */ = {isa = PBXFileReference; fileEncoding = 4; lastKnownFileType = sourcecode.c.objc; path = MainView.m; sourceTree = "<group>"; };
		B4A045F91966435100379EA9 /* MainView.h */ = {isa = PBXFileReference; lastKnownFileType = sourcecode.c.h; path = MainView.h; sourceTree = "<group>"; };
/* End PBXFileReference section */

/* Begin PBXFrameworksBuildPhase section */
		B4131E681965373C0043C254 /* Frameworks */ = {
			isa = PBXFrameworksBuildPhase;
			buildActionMask = 2147483647;
			files = (
			);
			runOnlyForDeploymentPostprocessing = 0;
		};
		B4131E781965373C0043C254 /* Frameworks */ = {
			isa = PBXFrameworksBuildPhase;
			buildActionMask = 2147483647;
			files = (
			);
			runOnlyForDeploymentPostprocessing = 0;
		};
/* End PBXFrameworksBuildPhase section */

/* Begin PBXGroup section */
		B4131E621965373C0043C254 = {
			isa = PBXGroup;
			children = (
				B4131E6D1965373C0043C254 /* Obj-C-Sample */,
				B4131E7E1965373C0043C254 /* Obj-C-SampleTests */,
				B4131E6C1965373C0043C254 /* Products */,
			);
			sourceTree = "<group>";
		};
		B4131E6C1965373C0043C254 /* Products */ = {
			isa = PBXGroup;
			children = (
				B4131E6B1965373C0043C254 /* Obj-C-Sample.app */,
				B4131E7B1965373C0043C254 /* Obj-C-SampleTests.xctest */,
			);
			name = Products;
			sourceTree = "<group>";
		};
		B4131E6D1965373C0043C254 /* Obj-C-Sample */ = {
			isa = PBXGroup;
			children = (
				B4131E721965373C0043C254 /* AppDelegate.h */,
				B4131E731965373C0043C254 /* AppDelegate.m */,
				B4131E8D196538100043C254 /* MainVC.h */,
				B4131E8B196538040043C254 /* MainVC.m */,
				B4A045F91966435100379EA9 /* MainView.h */,
				B4A045F71966434700379EA9 /* MainView.m */,
				B4131E751965373C0043C254 /* Images.xcassets */,
				B4131E6E1965373C0043C254 /* Supporting Files */,
			);
			path = "Obj-C-Sample";
			sourceTree = "<group>";
		};
		B4131E6E1965373C0043C254 /* Supporting Files */ = {
			isa = PBXGroup;
			children = (
				B4131E6F1965373C0043C254 /* Info.plist */,
				B4131E701965373C0043C254 /* main.m */,
			);
			name = "Supporting Files";
			sourceTree = "<group>";
		};
		B4131E7E1965373C0043C254 /* Obj-C-SampleTests */ = {
			isa = PBXGroup;
			children = (
				B4131E811965373C0043C254 /* Obj_C_SampleTests.m */,
				B4131E7F1965373C0043C254 /* Supporting Files */,
			);
			path = "Obj-C-SampleTests";
			sourceTree = "<group>";
		};
		B4131E7F1965373C0043C254 /* Supporting Files */ = {
			isa = PBXGroup;
			children = (
				B4131E801965373C0043C254 /* Info.plist */,
			);
			name = "Supporting Files";
			sourceTree = "<group>";
		};
/* End PBXGroup section */

/* Begin PBXNativeTarget section */
		B4131E6A1965373C0043C254 /* Obj-C-Sample */ = {
			isa = PBXNativeTarget;
			buildConfigurationList = B4131E851965373C0043C254 /* Build configuration list for PBXNativeTarget "Obj-C-Sample" */;
			buildPhases = (
				B4131E671965373C0043C254 /* Sources */,
				B4131E681965373C0043C254 /* Frameworks */,
				B4131E691965373C0043C254 /* Resources */,
			);
			buildRules = (
			);
			dependencies = (
			);
			name = "Obj-C-Sample";
			productName = "Obj-C-Sample";
			productReference = B4131E6B1965373C0043C254 /* Obj-C-Sample.app */;
			productType = "com.apple.product-type.application";
		};
		B4131E7A1965373C0043C254 /* Obj-C-SampleTests */ = {
			isa = PBXNativeTarget;
			buildConfigurationList = B4131E881965373C0043C254 /* Build configuration list for PBXNativeTarget "Obj-C-SampleTests" */;
			buildPhases = (
				B4131E771965373C0043C254 /* Sources */,
				B4131E781965373C0043C254 /* Frameworks */,
				B4131E791965373C0043C254 /* Resources */,
			);
			buildRules = (
			);
			dependencies = (
				B4131E7D1965373C0043C254 /* PBXTargetDependency */,
			);
			name = "Obj-C-SampleTests";
			productName = "Obj-C-SampleTests";
			productReference = B4131E7B1965373C0043C254 /* Obj-C-SampleTests.xctest */;
			productType = "com.apple.product-type.bundle.unit-test";
		};
/* End PBXNativeTarget section */

/* Begin PBXProject section */
		B4131E631965373C0043C254 /* Project object */ = {
			isa = PBXProject;
			attributes = {
				LastUpgradeCheck = 0600;
				ORGANIZATIONNAME = Self;
				TargetAttributes = {
					B4131E6A1965373C0043C254 = {
						CreatedOnToolsVersion = 6.0;
					};
					B4131E7A1965373C0043C254 = {
						CreatedOnToolsVersion = 6.0;
						TestTargetID = B4131E6A1965373C0043C254;
					};
				};
			};
			buildConfigurationList = B4131E661965373C0043C254 /* Build configuration list for PBXProject "Obj-C-Sample" */;
			compatibilityVersion = "Xcode 3.2";
			developmentRegion = English;
			hasScannedForEncodings = 0;
			knownRegions = (
				en,
			);
			mainGroup = B4131E621965373C0043C254;
			productRefGroup = B4131E6C1965373C0043C254 /* Products */;
			projectDirPath = "";
			projectRoot = "";
			targets = (
				B4131E6A1965373C0043C254 /* Obj-C-Sample */,
				B4131E7A1965373C0043C254 /* Obj-C-SampleTests */,
			);
		};
/* End PBXProject section */

/* Begin PBXResourcesBuildPhase section */
		B4131E691965373C0043C254 /* Resources */ = {
			isa = PBXResourcesBuildPhase;
			buildActionMask = 2147483647;
			files = (
				B4131E761965373C0043C254 /* Images.xcassets in Resources */,
			);
			runOnlyForDeploymentPostprocessing = 0;
		};
		B4131E791965373C0043C254 /* Resources */ = {
			isa = PBXResourcesBuildPhase;
			buildActionMask = 2147483647;
			files = (
			);
			runOnlyForDeploymentPostprocessing = 0;
		};
/* End PBXResourcesBuildPhase section */

/* Begin PBXSourcesBuildPhase section */
		B4131E671965373C0043C254 /* Sources */ = {
			isa = PBXSourcesBuildPhase;
			buildActionMask = 2147483647;
			files = (
				B4131E8C196538040043C254 /* MainVC.m in Sources */,
				B4A045F81966434700379EA9 /* MainView.m in Sources */,
				B4131E741965373C0043C254 /* AppDelegate.m in Sources */,
				B4131E711965373C0043C254 /* main.m in Sources */,
			);
			runOnlyForDeploymentPostprocessing = 0;
		};
		B4131E771965373C0043C254 /* Sources */ = {
			isa = PBXSourcesBuildPhase;
			buildActionMask = 2147483647;
			files = (
				B4131E821965373C0043C254 /* Obj_C_SampleTests.m in Sources */,
			);
			runOnlyForDeploymentPostprocessing = 0;
		};
/* End PBXSourcesBuildPhase section */

/* Begin PBXTargetDependency section */
		B4131E7D1965373C0043C254 /* PBXTargetDependency */ = {
			isa = PBXTargetDependency;
			target = B4131E6A1965373C0043C254 /* Obj-C-Sample */;
			targetProxy = B4131E7C1965373C0043C254 /* PBXContainerItemProxy */;
		};
/* End PBXTargetDependency section */

/* Begin XCBuildConfiguration section */
		B4131E831965373C0043C254 /* Debug */ = {
			isa = XCBuildConfiguration;
			buildSettings = {
				ALWAYS_SEARCH_USER_PATHS = NO;
				CLANG_CXX_LANGUAGE_STANDARD = "gnu++0x";
				CLANG_CXX_LIBRARY = "libc++";
				CLANG_ENABLE_MODULES = YES;
				CLANG_ENABLE_OBJC_ARC = YES;
				CLANG_WARN_BOOL_CONVERSION = YES;
				CLANG_WARN_CONSTANT_CONVERSION = YES;
				CLANG_WARN_DIRECT_OBJC_ISA_USAGE = YES_ERROR;
				CLANG_WARN_EMPTY_BODY = YES;
				CLANG_WARN_ENUM_CONVERSION = YES;
				CLANG_WARN_INT_CONVERSION = YES;
				CLANG_WARN_OBJC_ROOT_CLASS = YES_ERROR;
				CLANG_WARN_UNREACHABLE_CODE = YES;
				CLANG_WARN__DUPLICATE_METHOD_MATCH = YES;
				"CODE_SIGN_IDENTITY[sdk=iphoneos*]" = "iPhone Developer";
				COPY_PHASE_STRIP = NO;
				ENABLE_STRICT_OBJC_MSGSEND = YES;
				GCC_C_LANGUAGE_STANDARD = gnu99;
				GCC_DYNAMIC_NO_PIC = NO;
				GCC_OPTIMIZATION_LEVEL = 0;
				GCC_PREPROCESSOR_DEFINITIONS = (
					"DEBUG=1",
					"$(inherited)",
				);
				GCC_SYMBOLS_PRIVATE_EXTERN = NO;
				GCC_WARN_64_TO_32_BIT_CONVERSION = YES;
				GCC_WARN_ABOUT_RETURN_TYPE = YES_ERROR;
				GCC_WARN_UNDECLARED_SELECTOR = YES;
				GCC_WARN_UNINITIALIZED_AUTOS = YES_AGGRESSIVE;
				GCC_WARN_UNUSED_FUNCTION = YES;
				GCC_WARN_UNUSED_VARIABLE = YES;
				IPHONEOS_DEPLOYMENT_TARGET = 8.0;
				METAL_ENABLE_DEBUG_INFO = YES;
				ONLY_ACTIVE_ARCH = YES;
				SDKROOT = iphoneos;
			};
			name = Debug;
		};
		B4131E841965373C0043C254 /* Release */ = {
			isa = XCBuildConfiguration;
			buildSettings = {
				ALWAYS_SEARCH_USER_PATHS = NO;
				CLANG_CXX_LANGUAGE_STANDARD = "gnu++0x";
				CLANG_CXX_LIBRARY = "libc++";
				CLANG_ENABLE_MODULES = YES;
				CLANG_ENABLE_OBJC_ARC = YES;
				CLANG_WARN_BOOL_CONVERSION = YES;
				CLANG_WARN_CONSTANT_CONVERSION = YES;
				CLANG_WARN_DIRECT_OBJC_ISA_USAGE = YES_ERROR;
				CLANG_WARN_EMPTY_BODY = YES;
				CLANG_WARN_ENUM_CONVERSION = YES;
				CLANG_WARN_INT_CONVERSION = YES;
				CLANG_WARN_OBJC_ROOT_CLASS = YES_ERROR;
				CLANG_WARN_UNREACHABLE_CODE = YES;
				CLANG_WARN__DUPLICATE_METHOD_MATCH = YES;
				"CODE_SIGN_IDENTITY[sdk=iphoneos*]" = "iPhone Developer";
				COPY_PHASE_STRIP = YES;
				ENABLE_NS_ASSERTIONS = NO;
				ENABLE_STRICT_OBJC_MSGSEND = YES;
				GCC_C_LANGUAGE_STANDARD = gnu99;
				GCC_WARN_64_TO_32_BIT_CONVERSION = YES;
				GCC_WARN_ABOUT_RETURN_TYPE = YES_ERROR;
				GCC_WARN_UNDECLARED_SELECTOR = YES;
				GCC_WARN_UNINITIALIZED_AUTOS = YES_AGGRESSIVE;
				GCC_WARN_UNUSED_FUNCTION = YES;
				GCC_WARN_UNUSED_VARIABLE = YES;
				IPHONEOS_DEPLOYMENT_TARGET = 8.0;
				METAL_ENABLE_DEBUG_INFO = NO;
				SDKROOT = iphoneos;
				VALIDATE_PRODUCT = YES;
			};
			name = Release;
		};
		B4131E861965373C0043C254 /* Debug */ = {
			isa = XCBuildConfiguration;
			buildSettings = {
				ASSETCATALOG_COMPILER_APPICON_NAME = AppIcon;
				ASSETCATALOG_COMPILER_LAUNCHIMAGE_NAME = LaunchImage;
				INFOPLIST_FILE = "Obj-C-Sample/Info.plist";
				LD_RUNPATH_SEARCH_PATHS = "$(inherited) @executable_path/Frameworks";
				PRODUCT_NAME = "$(TARGET_NAME)";
			};
			name = Debug;
		};
		B4131E871965373C0043C254 /* Release */ = {
			isa = XCBuildConfiguration;
			buildSettings = {
				ASSETCATALOG_COMPILER_APPICON_NAME = AppIcon;
				ASSETCATALOG_COMPILER_LAUNCHIMAGE_NAME = LaunchImage;
				INFOPLIST_FILE = "Obj-C-Sample/Info.plist";
				LD_RUNPATH_SEARCH_PATHS = "$(inherited) @executable_path/Frameworks";
				PRODUCT_NAME = "$(TARGET_NAME)";
			};
			name = Release;
		};
		B4131E891965373C0043C254 /* Debug */ = {
			isa = XCBuildConfiguration;
			buildSettings = {
				BUNDLE_LOADER = "$(BUILT_PRODUCTS_DIR)/Obj-C-Sample.app/Obj-C-Sample";
				FRAMEWORK_SEARCH_PATHS = (
					"$(SDKROOT)/Developer/Library/Frameworks",
					"$(inherited)",
				);
				GCC_PREPROCESSOR_DEFINITIONS = (
					"DEBUG=1",
					"$(inherited)",
				);
				INFOPLIST_FILE = "Obj-C-SampleTests/Info.plist";
				LD_RUNPATH_SEARCH_PATHS = "$(inherited) @executable_path/Frameworks @loader_path/Frameworks";
				METAL_ENABLE_DEBUG_INFO = YES;
				PRODUCT_NAME = "$(TARGET_NAME)";
				TEST_HOST = "$(BUNDLE_LOADER)";
			};
			name = Debug;
		};
		B4131E8A1965373C0043C254 /* Release */ = {
			isa = XCBuildConfiguration;
			buildSettings = {
				BUNDLE_LOADER = "$(BUILT_PRODUCTS_DIR)/Obj-C-Sample.app/Obj-C-Sample";
				FRAMEWORK_SEARCH_PATHS = (
					"$(SDKROOT)/Developer/Library/Frameworks",
					"$(inherited)",
				);
				INFOPLIST_FILE = "Obj-C-SampleTests/Info.plist";
				LD_RUNPATH_SEARCH_PATHS = "$(inherited) @executable_path/Frameworks @loader_path/Frameworks";
				METAL_ENABLE_DEBUG_INFO = NO;
				PRODUCT_NAME = "$(TARGET_NAME)";
				TEST_HOST = "$(BUNDLE_LOADER)";
			};
			name = Release;
		};
/* End XCBuildConfiguration section */

/* Begin XCConfigurationList section */
		B4131E661965373C0043C254 /* Build configuration list for PBXProject "Obj-C-Sample" */ = {
			isa = XCConfigurationList;
			buildConfigurations = (
				B4131E831965373C0043C254 /* Debug */,
				B4131E841965373C0043C254 /* Release */,
			);
			defaultConfigurationIsVisible = 0;
			defaultConfigurationName = Release;
		};
		B4131E851965373C0043C254 /* Build configuration list for PBXNativeTarget "Obj-C-Sample" */ = {
			isa = XCConfigurationList;
			buildConfigurations = (
				B4131E861965373C0043C254 /* Debug */,
				B4131E871965373C0043C254 /* Release */,
			);
			defaultConfigurationIsVisible = 0;
			defaultConfigurationName = Release;
		};
		B4131E881965373C0043C254 /* Build configuration list for PBXNativeTarget "Obj-C-SampleTests" */ = {
			isa = XCConfigurationList;
			buildConfigurations = (
				B4131E891965373C0043C254 /* Debug */,
				B4131E8A1965373C0043C254 /* Release */,
			);
			defaultConfigurationIsVisible = 0;
			defaultConfigurationName = Release;
		};
/* End XCConfigurationList section */
	};
	rootObject = B4131E631965373C0043C254 /* Project object */;
}
